
Microsoft Visual Studio Solution File, Format Version 12.00
# Visual Studio Version 17
VisualStudioVersion = 17.2.32630.192
MinimumVisualStudioVersion = 10.0.40219.1
Project("{FAE04EC0-301F-11D3-BF4B-00C04F79EFBC}") = "HW", "HW\HW.csproj", "{3A227FFC-C33C-4550-83D9-801FA96D1A73}"
EndProject
Global
	GlobalSection(SolutionConfigurationPlatforms) = preSolution
		Debug|Any CPU = Debug|Any CPU
		Release|Any CPU = Release|Any CPU
	EndGlobalSection
	GlobalSection(ProjectConfigurationPlatforms) = postSolution
		{3A227FFC-C33C-4550-83D9-801FA96D1A73}.Debug|Any CPU.ActiveCfg = Debug|Any CPU
		{3A227FFC-C33C-4550-83D9-801FA96D1A73}.Debug|Any CPU.Build.0 = Debug|Any CPU
		{3A227FFC-C33C-4550-83D9-801FA96D1A73}.Release|Any CPU.ActiveCfg = Release|Any CPU
		{3A227FFC-C33C-4550-83D9-801FA96D1A73}.Release|Any CPU.Build.0 = Release|Any CPU
	EndGlobalSection
	GlobalSection(SolutionProperties) = preSolution
		HideSolutionNode = FALSE
	EndGlobalSection
	GlobalSection(ExtensibilityGlobals) = postSolution
		SolutionGuid = {34202D96-C80E-4854-92B2-5500D0397B02}
	EndGlobalSection
EndGlobal
